// !$*UTF8*$!
{
	archiveVersion = 1;
	classes = {
	};
	objectVersion = 77;
	objects = {

/* Begin PBXContainerItemProxy section */
		02148C5B2F62537F00095CDF /* PBXContainerItemProxy */ = {
			isa = PBXContainerItemProxy;
			containerPortal = 02148C392F62537700095CDF /* Project object */;
			proxyType = 1;
			remoteGlobalIDString = 02148C402F62537700095CDF;
			remoteInfo = DroneDelivery;
		};
		02148C652F62537F00095CDF /* PBXContainerItemProxy */ = {
			isa = PBXContainerItemProxy;
			containerPortal = 02148C392F62537700095CDF /* Project object */;
			proxyType = 1;
			remoteGlobalIDString = 02148C402F62537700095CDF;
			remoteInfo = DroneDelivery;
		};
/* End PBXContainerItemProxy section */

/* Begin PBXFileReference section */
		02148C412F62537700095CDF /* DroneDelivery.app */ = {isa = PBXFileReference; explicitFileType = wrapper.application; includeInIndex = 0; path = DroneDelivery.app; sourceTree = BUILT_PRODUCTS_DIR; };
		02148C5A2F62537F00095CDF /* DroneDeliveryTests.xctest */ = {isa = PBXFileReference; explicitFileType = wrapper.cfbundle; includeInIndex = 0; path = DroneDeliveryTests.xctest; sourceTree = BUILT_PRODUCTS_DIR; };
		02148C642F62537F00095CDF /* DroneDeliveryUITests.xctest */ = {isa = PBXFileReference; explicitFileType = wrapper.cfbundle; includeInIndex = 0; path = DroneDeliveryUITests.xctest; sourceTree = BUILT_PRODUCTS_DIR; };
/* End PBXFileReference section */

/* Begin PBXFileSystemSynchronizedBuildFileExceptionSet section */
		02148C6C2F62537F00095CDF /* Exceptions for "DroneDelivery" folder in "DroneDelivery" target */ = {
			isa = PBXFileSystemSynchronizedBuildFileExceptionSet;
			membershipExceptions = (
				Info.plist,
			);
			target = 02148C402F62537700095CDF /* DroneDelivery */;
		};
/* End PBXFileSystemSynchronizedBuildFileExceptionSet section */

/* Begin PBXFileSystemSynchronizedRootGroup section */
		02148C432F62537700095CDF /* DroneDelivery */ = {
			isa = PBXFileSystemSynchronizedRootGroup;
			exceptions = (
				02148C6C2F62537F00095CDF /* Exceptions for "DroneDelivery" folder in "DroneDelivery" target */,
			);
			path = DroneDelivery;
			sourceTree = "<group>";
		};
		02148C5D2F62537F00095CDF /* DroneDeliveryTests */ = {
			isa = PBXFileSystemSynchronizedRootGroup;
			path = DroneDeliveryTests;
			sourceTree = "<group>";
		};
		02148C672F62537F00095CDF /* DroneDeliveryUITests */ = {
			isa = PBXFileSystemSynchronizedRootGroup;
			path = DroneDeliveryUITests;
			sourceTree = "<group>";
		};
/* End PBXFileSystemSynchronizedRootGroup section */

/* Begin PBXFrameworksBuildPhase section */
		02148C3E2F62537700095CDF /* Frameworks */ = {
			isa = PBXFrameworksBuildPhase;
			buildActionMask = 2147483647;
			files = (
			);
			runOnlyForDeploymentPostprocessing = 0;
		};
		02148C572F62537F00095CDF /* Frameworks */ = {
			isa = PBXFrameworksBuildPhase;
			buildActionMask = 2147483647;
			files = (
			);
			runOnlyForDeploymentPostprocessing = 0;
		};
		02148C612F62537F00095CDF /* Frameworks */ = {
			isa = PBXFrameworksBuildPhase;
			buildActionMask = 2147483647;
			files = (
			);
			runOnlyForDeploymentPostprocessing = 0;
		};
/* End PBXFrameworksBuildPhase section */

/* Begin PBXGroup section */
		02148C382F62537700095CDF = {
			isa = PBXGroup;
			children = (
				02148C432F62537700095CDF /* DroneDelivery */,
				02148C5D2F62537F00095CDF /* DroneDeliveryTests */,
				02148C672F62537F00095CDF /* DroneDeliveryUITests */,
				02148C422F62537700095CDF /* Products */,
			);
			sourceTree = "<group>";
		};
		02148C422F62537700095CDF /* Products */ = {
			isa = PBXGroup;
			children = (
				02148C412F62537700095CDF /* DroneDelivery.app */,
				02148C5A2F62537F00095CDF /* DroneDeliveryTests.xctest */,
				02148C642F62537F00095CDF /* DroneDeliveryUITests.xctest */,
			);
			name = Products;
			sourceTree = "<group>";
		};
/* End PBXGroup section */

/* Begin PBXNativeTarget section */
		02148C402F62537700095CDF /* DroneDelivery */ = {
			isa = PBXNativeTarget;
			buildConfigurationList = 02148C6D2F62537F00095CDF /* Build configuration list for PBXNativeTarget "DroneDelivery" */;
			buildPhases = (
				02148C3D2F62537700095CDF /* Sources */,
				02148C3E2F62537700095CDF /* Frameworks */,
				02148C3F2F62537700095CDF /* Resources */,
			);
			buildRules = (
			);
			dependencies = (
			);
			fileSystemSynchronizedGroups = (
				02148C432F62537700095CDF /* DroneDelivery */,
			);
			name = DroneDelivery;
			packageProductDependencies = (
			);
			productName = DroneDelivery;
			productReference = 02148C412F62537700095CDF /* DroneDelivery.app */;
			productType = "com.apple.product-type.application";
		};
		02148C592F62537F00095CDF /* DroneDeliveryTests */ = {
			isa = PBXNativeTarget;
			buildConfigurationList = 02148C722F62537F00095CDF /* Build configuration list for PBXNativeTarget "DroneDeliveryTests" */;
			buildPhases = (
				02148C562F62537F00095CDF /* Sources */,
				02148C572F62537F00095CDF /* Frameworks */,
				02148C582F62537F00095CDF /* Resources */,
			);
			buildRules = (
			);
			dependencies = (
				02148C5C2F62537F00095CDF /* PBXTargetDependency */,
			);
			fileSystemSynchronizedGroups = (
				02148C5D2F62537F00095CDF /* DroneDeliveryTests */,
			);
			name = DroneDeliveryTests;
			packageProductDependencies = (
			);
			productName = DroneDeliveryTests;
			productReference = 02148C5A2F62537F00095CDF /* DroneDeliveryTests.xctest */;
			productType = "com.apple.product-type.bundle.unit-test";
		};
		02148C632F62537F00095CDF /* DroneDeliveryUITests */ = {
			isa = PBXNativeTarget;
			buildConfigurationList = 02148C752F62537F00095CDF /* Build configuration list for PBXNativeTarget "DroneDeliveryUITests" */;
			buildPhases = (
				02148C602F62537F00095CDF /* Sources */,
				02148C612F62537F00095CDF /* Frameworks */,
				02148C622F62537F00095CDF /* Resources */,
			);
			buildRules = (
			);
			dependencies = (
				02148C662F62537F00095CDF /* PBXTargetDependency */,
			);
			fileSystemSynchronizedGroups = (
				02148C672F62537F00095CDF /* DroneDeliveryUITests */,
			);
			name = DroneDeliveryUITests;
			packageProductDependencies = (
			);
			productName = DroneDeliveryUITests;
			productReference = 02148C642F62537F00095CDF /* DroneDeliveryUITests.xctest */;
			productType = "com.apple.product-type.bundle.ui-testing";
		};
/* End PBXNativeTarget section */

/* Begin PBXProject section */
		02148C392F62537700095CDF /* Project object */ = {
			isa = PBXProject;
			attributes = {
				BuildIndependentTargetsInParallel = 1;
				LastSwiftUpdateCheck = 1640;
				LastUpgradeCheck = 1640;
				TargetAttributes = {
					02148C402F62537700095CDF = {
						CreatedOnToolsVersion = 16.4;
					};
					02148C592F62537F00095CDF = {
						CreatedOnToolsVersion = 16.4;
						TestTargetID = 02148C402F62537700095CDF;
					};
					02148C632F62537F00095CDF = {
						CreatedOnToolsVersion = 16.4;
						TestTargetID = 02148C402F62537700095CDF;
					};
				};
			};
			buildConfigurationList = 02148C3C2F62537700095CDF /* Build configuration list for PBXProject "DroneDelivery" */;
			developmentRegion = en;
			hasScannedForEncodings = 0;
			knownRegions = (
				en,
				Base,
			);
			mainGroup = 02148C382F62537700095CDF;
			minimizedProjectReferenceProxies = 1;
			preferredProjectObjectVersion = 77;
			productRefGroup = 02148C422F62537700095CDF /* Products */;
			projectDirPath = "";
			projectRoot = "";
			targets = (
				02148C402F62537700095CDF /* DroneDelivery */,
				02148C592F62537F00095CDF /* DroneDeliveryTests */,
				02148C632F62537F00095CDF /* DroneDeliveryUITests */,
			);
		};
/* End PBXProject section */

/* Begin PBXResourcesBuildPhase section */
		02148C3F2F62537700095CDF /* Resources */ = {
			isa = PBXResourcesBuildPhase;
			buildActionMask = 2147483647;
			files = (
			);
			runOnlyForDeploymentPostprocessing = 0;
		};
		02148C582F62537F00095CDF /* Resources */ = {
			isa = PBXResourcesBuildPhase;
			buildActionMask = 2147483647;
			files = (
			);
			runOnlyForDeploymentPostprocessing = 0;
		};
		02148C622F62537F00095CDF /* Resources */ = {
			isa = PBXResourcesBuildPhase;
			buildActionMask = 2147483647;
			files = (
			);
			runOnlyForDeploymentPostprocessing = 0;
		};
/* End PBXResourcesBuildPhase section */

/* Begin PBXSourcesBuildPhase section */
		02148C3D2F62537700095CDF /* Sources */ = {
			isa = PBXSourcesBuildPhase;
			buildActionMask = 2147483647;
			files = (
			);
			runOnlyForDeploymentPostprocessing = 0;
		};
		02148C562F62537F00095CDF /* Sources */ = {
			isa = PBXSourcesBuildPhase;
			buildActionMask = 2147483647;
			files = (
			);
			runOnlyForDeploymentPostprocessing = 0;
		};
		02148C602F62537F00095CDF /* Sources */ = {
			isa = PBXSourcesBuildPhase;
			buildActionMask = 2147483647;
			files = (
			);
			runOnlyForDeploymentPostprocessing = 0;
		};
/* End PBXSourcesBuildPhase section */

/* Begin PBXTargetDependency section */
		02148C5C2F62537F00095CDF /* PBXTargetDependency */ = {
			isa = PBXTargetDependency;
			target = 02148C402F62537700095CDF /* DroneDelivery */;
			targetProxy = 02148C5B2F62537F00095CDF /* PBXContainerItemProxy */;
		};
		02148C662F62537F00095CDF /* PBXTargetDependency */ = {
			isa = PBXTargetDependency;
			target = 02148C402F62537700095CDF /* DroneDelivery */;
			targetProxy = 02148C652F62537F00095CDF /* PBXContainerItemProxy */;
		};
/* End PBXTargetDependency section */

/* Begin XCBuildConfiguration section */
		02148C6E2F62537F00095CDF /* Debug */ = {
			isa = XCBuildConfiguration;
			buildSettings = {
				ASSETCATALOG_COMPILER_APPICON_NAME = AppIcon;
				ASSETCATALOG_COMPILER_GLOBAL_ACCENT_COLOR_NAME = AccentColor;
				CODE_SIGN_STYLE = Automatic;
				CURRENT_PROJECT_VERSION = 1;
				DEVELOPMENT_TEAM = M4DZ8PTV4K;
				GENERATE_INFOPLIST_FILE = YES;
				INFOPLIST_FILE = DroneDelivery/Info.plist;
				INFOPLIST_KEY_UIApplicationSupportsIndirectInputEvents = YES;
				INFOPLIST_KEY_UILaunchStoryboardName = LaunchScreen;
				INFOPLIST_KEY_UIMainStoryboardFile = Main;
				INFOPLIST_KEY_UISupportedInterfaceOrientations = UIInterfaceOrientationPortrait;
				IPHONEOS_DEPLOYMENT_TARGET = 15.6;
				LD_RUNPATH_SEARCH_PATHS = (
					"$(inherited)",
					"@executable_path/Frameworks",
				);
				MARKETING_VERSION = 1.0;
				PRODUCT_BUNDLE_IDENTIFIER = com.personal.DroneDelivery;
				PRODUCT_NAME = "$(TARGET_NAME)";
				SWIFT_EMIT_LOC_STRINGS = YES;
				SWIFT_VERSION = 5.0;
				TARGETED_DEVICE_FAMILY = "1,2";
			};
			name = Debug;
		};
		02148C6F2F62537F00095CDF /* Release */ = {
			isa = XCBuildConfiguration;
			buildSettings = {
				ASSETCATALOG_COMPILER_APPICON_NAME = AppIcon;
				ASSETCATALOG_COMPILER_GLOBAL_ACCENT_COLOR_NAME = AccentColor;
				CODE_SIGN_STYLE = Automatic;
				CURRENT_PROJECT_VERSION = 1;
				DEVELOPMENT_TEAM = M4DZ8PTV4K;
				GENERATE_INFOPLIST_FILE = YES;
				INFOPLIST_FILE = DroneDelivery/Info.plist;
				INFOPLIST_KEY_UIApplicationSupportsIndirectInputEvents = YES;
				INFOPLIST_KEY_UILaunchStoryboardName = LaunchScreen;
				INFOPLIST_KEY_UIMainStoryboardFile = Main;
				INFOPLIST_KEY_UISupportedInterfaceOrientations = UIInterfaceOrientationPortrait;
				IPHONEOS_DEPLOYMENT_TARGET = 15.6;
				LD_RUNPATH_SEARCH_PATHS = (
					"$(inherited)",
					"@executable_path/Frameworks",
				);
				MARKETING_VERSION = 1.0;
				PRODUCT_BUNDLE_IDENTIFIER = com.personal.DroneDelivery;
				PRODUCT_NAME = "$(TARGET_NAME)";
				SWIFT_EMIT_LOC_STRINGS = YES;
				SWIFT_VERSION = 5.0;
				TARGETED_DEVICE_FAMILY = "1,2";
			};
			name = Release;
		};
		02148C702F62537F00095CDF /* Debug */ = {
			isa = XCBuildConfiguration;
			buildSettings = {
				ALWAYS_SEARCH_USER_PATHS = NO;
				ASSETCATALOG_COMPILER_GENERATE_SWIFT_ASSET_SYMBOL_EXTENSIONS = YES;
				CLANG_ANALYZER_NONNULL = YES;
				CLANG_ANALYZER_NUMBER_OBJECT_CONVERSION = YES_AGGRESSIVE;
				CLANG_CXX_LANGUAGE_STANDARD = "gnu++20";
				CLANG_ENABLE_MODULES = YES;
				CLANG_ENABLE_OBJC_ARC = YES;
				CLANG_ENABLE_OBJC_WEAK = YES;
				CLANG_WARN_BLOCK_CAPTURE_AUTORELEASING = YES;
				CLANG_WARN_BOOL_CONVERSION = YES;
				CLANG_WARN_COMMA = YES;
				CLANG_WARN_CONSTANT_CONVERSION = YES;
				CLANG_WARN_DEPRECATED_OBJC_IMPLEMENTATIONS = YES;
				CLANG_WARN_DIRECT_OBJC_ISA_USAGE = YES_ERROR;
				CLANG_WARN_DOCUMENTATION_COMMENTS = YES;
				CLANG_WARN_EMPTY_BODY = YES;
				CLANG_WARN_ENUM_CONVERSION = YES;
				CLANG_WARN_INFINITE_RECURSION = YES;
				CLANG_WARN_INT_CONVERSION = YES;
				CLANG_WARN_NON_LITERAL_NULL_CONVERSION = YES;
				CLANG_WARN_OBJC_IMPLICIT_RETAIN_SELF = YES;
				CLANG_WARN_OBJC_LITERAL_CONVERSION = YES;
				CLANG_WARN_OBJC_ROOT_CLASS = YES_ERROR;
				CLANG_WARN_QUOTED_INCLUDE_IN_FRAMEWORK_HEADER = YES;
				CLANG_WARN_RANGE_LOOP_ANALYSIS = YES;
				CLANG_WARN_STRICT_PROTOTYPES = YES;
				CLANG_WARN_SUSPICIOUS_MOVE = YES;
				CLANG_WARN_UNGUARDED_AVAILABILITY = YES_AGGRESSIVE;
				CLANG_WARN_UNREACHABLE_CODE = YES;
				CLANG_WARN__DUPLICATE_METHOD_MATCH = YES;
				COPY_PHASE_STRIP = NO;
				DEBUG_INFORMATION_FORMAT = dwarf;
				DEVELOPMENT_TEAM = M4DZ8PTV4K;
				ENABLE_STRICT_OBJC_MSGSEND = YES;
				ENABLE_TESTABILITY = YES;
				ENABLE_USER_SCRIPT_SANDBOXING = YES;
				GCC_C_LANGUAGE_STANDARD = gnu17;
				GCC_DYNAMIC_NO_PIC = NO;
				GCC_NO_COMMON_BLOCKS = YES;
				GCC_OPTIMIZATION_LEVEL = 0;
				GCC_PREPROCESSOR_DEFINITIONS = (
					"DEBUG=1",
					"$(inherited)",
				);
				GCC_WARN_64_TO_32_BIT_CONVERSION = YES;
				GCC_WARN_ABOUT_RETURN_TYPE = YES_ERROR;
				GCC_WARN_UNDECLARED_SELECTOR = YES;
				GCC_WARN_UNINITIALIZED_AUTOS = YES_AGGRESSIVE;
				GCC_WARN_UNUSED_FUNCTION = YES;
				GCC_WARN_UNUSED_VARIABLE = YES;
				IPHONEOS_DEPLOYMENT_TARGET = 18.5;
				LOCALIZATION_PREFERS_STRING_CATALOGS = YES;
				MTL_ENABLE_DEBUG_INFO = INCLUDE_SOURCE;
				MTL_FAST_MATH = YES;
				ONLY_ACTIVE_ARCH = YES;
				SDKROOT = iphoneos;
				SWIFT_ACTIVE_COMPILATION_CONDITIONS = "DEBUG $(inherited)";
				SWIFT_OPTIMIZATION_LEVEL = "-Onone";
			};
			name = Debug;
		};
		02148C712F62537F00095CDF /* Release */ = {
			isa = XCBuildConfiguration;
			buildSettings = {
				ALWAYS_SEARCH_USER_PATHS = NO;
				ASSETCATALOG_COMPILER_GENERATE_SWIFT_ASSET_SYMBOL_EXTENSIONS = YES;
				CLANG_ANALYZER_NONNULL = YES;
				CLANG_ANALYZER_NUMBER_OBJECT_CONVERSION = YES_AGGRESSIVE;
				CLANG_CXX_LANGUAGE_STANDARD = "gnu++20";
				CLANG_ENABLE_MODULES = YES;
				CLANG_ENABLE_OBJC_ARC = YES;
				CLANG_ENABLE_OBJC_WEAK = YES;
				CLANG_WARN_BLOCK_CAPTURE_AUTORELEASING = YES;
				CLANG_WARN_BOOL_CONVERSION = YES;
				CLANG_WARN_COMMA = YES;
				CLANG_WARN_CONSTANT_CONVERSION = YES;
				CLANG_WARN_DEPRECATED_OBJC_IMPLEMENTATIONS = YES;
				CLANG_WARN_DIRECT_OBJC_ISA_USAGE = YES_ERROR;
				CLANG_WARN_DOCUMENTATION_COMMENTS = YES;
				CLANG_WARN_EMPTY_BODY = YES;
				CLANG_WARN_ENUM_CONVERSION = YES;
				CLANG_WARN_INFINITE_RECURSION = YES;
				CLANG_WARN_INT_CONVERSION = YES;
				CLANG_WARN_NON_LITERAL_NULL_CONVERSION = YES;
				CLANG_WARN_OBJC_IMPLICIT_RETAIN_SELF = YES;
				CLANG_WARN_OBJC_LITERAL_CONVERSION = YES;
				CLANG_WARN_OBJC_ROOT_CLASS = YES_ERROR;
				CLANG_WARN_QUOTED_INCLUDE_IN_FRAMEWORK_HEADER = YES;
				CLANG_WARN_RANGE_LOOP_ANALYSIS = YES;
				CLANG_WARN_STRICT_PROTOTYPES = YES;
				CLANG_WARN_SUSPICIOUS_MOVE = YES;
				CLANG_WARN_UNGUARDED_AVAILABILITY = YES_AGGRESSIVE;
				CLANG_WARN_UNREACHABLE_CODE = YES;
				CLANG_WARN__DUPLICATE_METHOD_MATCH = YES;
				COPY_PHASE_STRIP = NO;
				DEBUG_INFORMATION_FORMAT = "dwarf-with-dsym";
				DEVELOPMENT_TEAM = M4DZ8PTV4K;
				ENABLE_NS_ASSERTIONS = NO;
				ENABLE_STRICT_OBJC_MSGSEND = YES;
				ENABLE_USER_SCRIPT_SANDBOXING = YES;
				GCC_C_LANGUAGE_STANDARD = gnu17;
				GCC_NO_COMMON_BLOCKS = YES;
				GCC_WARN_64_TO_32_BIT_CONVERSION = YES;
				GCC_WARN_ABOUT_RETURN_TYPE = YES_ERROR;
				GCC_WARN_UNDECLARED_SELECTOR = YES;
				GCC_WARN_UNINITIALIZED_AUTOS = YES_AGGRESSIVE;
				GCC_WARN_UNUSED_FUNCTION = YES;
				GCC_WARN_UNUSED_VARIABLE = YES;
				IPHONEOS_DEPLOYMENT_TARGET = 18.5;
				LOCALIZATION_PREFERS_STRING_CATALOGS = YES;
				MTL_ENABLE_DEBUG_INFO = NO;
				MTL_FAST_MATH = YES;
				SDKROOT = iphoneos;
				SWIFT_COMPILATION_MODE = wholemodule;
				VALIDATE_PRODUCT = YES;
			};
			name = Release;
		};
		02148C732F62537F00095CDF /* Debug */ = {
			isa = XCBuildConfiguration;
			buildSettings = {
				BUNDLE_LOADER = "$(TEST_HOST)";
				CODE_SIGN_STYLE = Automatic;
				CURRENT_PROJECT_VERSION = 1;
				DEVELOPMENT_TEAM = M4DZ8PTV4K;
				GENERATE_INFOPLIST_FILE = YES;
				IPHONEOS_DEPLOYMENT_TARGET = 18.5;
				MARKETING_VERSION = 1.0;
				PRODUCT_BUNDLE_IDENTIFIER = com.personal.DroneDeliveryTests;
				PRODUCT_NAME = "$(TARGET_NAME)";
				SWIFT_EMIT_LOC_STRINGS = NO;
				SWIFT_VERSION = 5.0;
				TARGETED_DEVICE_FAMILY = "1,2";
				TEST_HOST = "$(BUILT_PRODUCTS_DIR)/DroneDelivery.app/$(BUNDLE_EXECUTABLE_FOLDER_PATH)/DroneDelivery";
			};
			name = Debug;
		};
		02148C742F62537F00095CDF /* Release */ = {
			isa = XCBuildConfiguration;
			buildSettings = {
				BUNDLE_LOADER = "$(TEST_HOST)";
				CODE_SIGN_STYLE = Automatic;
				CURRENT_PROJECT_VERSION = 1;
				DEVELOPMENT_TEAM = M4DZ8PTV4K;
				GENERATE_INFOPLIST_FILE = YES;
				IPHONEOS_DEPLOYMENT_TARGET = 18.5;
				MARKETING_VERSION = 1.0;
				PRODUCT_BUNDLE_IDENTIFIER = com.personal.DroneDeliveryTests;
				PRODUCT_NAME = "$(TARGET_NAME)";
				SWIFT_EMIT_LOC_STRINGS = NO;
				SWIFT_VERSION = 5.0;
				TARGETED_DEVICE_FAMILY = "1,2";
				TEST_HOST = "$(BUILT_PRODUCTS_DIR)/DroneDelivery.app/$(BUNDLE_EXECUTABLE_FOLDER_PATH)/DroneDelivery";
			};
			name = Release;
		};
		02148C762F62537F00095CDF /* Debug */ = {
			isa = XCBuildConfiguration;
			buildSettings = {
				CODE_SIGN_STYLE = Automatic;
				CURRENT_PROJECT_VERSION = 1;
				DEVELOPMENT_TEAM = M4DZ8PTV4K;
				GENERATE_INFOPLIST_FILE = YES;
				MARKETING_VERSION = 1.0;
				PRODUCT_BUNDLE_IDENTIFIER = com.personal.DroneDeliveryUITests;
				PRODUCT_NAME = "$(TARGET_NAME)";
				SWIFT_EMIT_LOC_STRINGS = NO;
				SWIFT_VERSION = 5.0;
				TARGETED_DEVICE_FAMILY = "1,2";
				TEST_TARGET_NAME = DroneDelivery;
			};
			name = Debug;
		};
		02148C772F62537F00095CDF /* Release */ = {
			isa = XCBuildConfiguration;
			buildSettings = {
				CODE_SIGN_STYLE = Automatic;
				CURRENT_PROJECT_VERSION = 1;
				DEVELOPMENT_TEAM = M4DZ8PTV4K;
				GENERATE_INFOPLIST_FILE = YES;
				MARKETING_VERSION = 1.0;
				PRODUCT_BUNDLE_IDENTIFIER = com.personal.DroneDeliveryUITests;
				PRODUCT_NAME = "$(TARGET_NAME)";
				SWIFT_EMIT_LOC_STRINGS = NO;
				SWIFT_VERSION = 5.0;
				TARGETED_DEVICE_FAMILY = "1,2";
				TEST_TARGET_NAME = DroneDelivery;
			};
			name = Release;
		};
/* End XCBuildConfiguration section */

/* Begin XCConfigurationList section */
		02148C3C2F62537700095CDF /* Build configuration list for PBXProject "DroneDelivery" */ = {
			isa = XCConfigurationList;
			buildConfigurations = (
				02148C702F62537F00095CDF /* Debug */,
				02148C712F62537F00095CDF /* Release */,
			);
			defaultConfigurationIsVisible = 0;
			defaultConfigurationName = Release;
		};
		02148C6D2F62537F00095CDF /* Build configuration list for PBXNativeTarget "DroneDelivery" */ = {
			isa = XCConfigurationList;
			buildConfigurations = (
				02148C6E2F62537F00095CDF /* Debug */,
				02148C6F2F62537F00095CDF /* Release */,
			);
			defaultConfigurationIsVisible = 0;
			defaultConfigurationName = Release;
		};
		02148C722F62537F00095CDF /* Build configuration list for PBXNativeTarget "DroneDeliveryTests" */ = {
			isa = XCConfigurationList;
			buildConfigurations = (
				02148C732F62537F00095CDF /* Debug */,
				02148C742F62537F00095CDF /* Release */,
			);
			defaultConfigurationIsVisible = 0;
			defaultConfigurationName = Release;
		};
		02148C752F62537F00095CDF /* Build configuration list for PBXNativeTarget "DroneDeliveryUITests" */ = {
			isa = XCConfigurationList;
			buildConfigurations = (
				02148C762F62537F00095CDF /* Debug */,
				02148C772F62537F00095CDF /* Release */,
			);
			defaultConfigurationIsVisible = 0;
			defaultConfigurationName = Release;
		};
/* End XCConfigurationList section */
	};
	rootObject = 02148C392F62537700095CDF /* Project object */;
}
